
Microsoft Visual Studio Solution File, Format Version 12.00
# Visual Studio Version 17
VisualStudioVersion = 17.12.35707.178
MinimumVisualStudioVersion = 10.0.40219.1
Project("{FAE04EC0-301F-11D3-BF4B-00C04F79EFBC}") = "person-wpf-demo", "person-wpf-demo\person-wpf-demo.csproj", "{AD239868-257B-4135-8414-BCF1DBE58A0A}"
EndProject
Project("{FAE04EC0-301F-11D3-BF4B-00C04F79EFBC}") = "PersonTests", "PersonTests\PersonTests.csproj", "{29496DF3-832B-4E58-9ED6-AEDA450176C0}"
EndProject
Project("{2150E333-8FDC-42A3-9474-1A3956D46DE8}") = "Solution Items", "Solution Items", "{435025EB-C7B2-4375-885A-E309661BA2B3}"
	ProjectSection(SolutionItems) = preProject
		.editorconfig = .editorconfig
	EndProjectSection
EndProject
Global
	GlobalSection(SolutionConfigurationPlatforms) = preSolution
		Debug|Any CPU = Debug|Any CPU
		Release|Any CPU = Release|Any CPU
	EndGlobalSection
	GlobalSection(ProjectConfigurationPlatforms) = postSolution
		{AD239868-257B-4135-8414-BCF1DBE58A0A}.Debug|Any CPU.ActiveCfg = Debug|Any CPU
		{AD239868-257B-4135-8414-BCF1DBE58A0A}.Debug|Any CPU.Build.0 = Debug|Any CPU
		{AD239868-257B-4135-8414-BCF1DBE58A0A}.Release|Any CPU.ActiveCfg = Release|Any CPU
		{AD239868-257B-4135-8414-BCF1DBE58A0A}.Release|Any CPU.Build.0 = Release|Any CPU
		{29496DF3-832B-4E58-9ED6-AEDA450176C0}.Debug|Any CPU.ActiveCfg = Debug|Any CPU
		{29496DF3-832B-4E58-9ED6-AEDA450176C0}.Debug|Any CPU.Build.0 = Debug|Any CPU
		{29496DF3-832B-4E58-9ED6-AEDA450176C0}.Release|Any CPU.ActiveCfg = Release|Any CPU
		{29496DF3-832B-4E58-9ED6-AEDA450176C0}.Release|Any CPU.Build.0 = Release|Any CPU
	EndGlobalSection
	GlobalSection(SolutionProperties) = preSolution
		HideSolutionNode = FALSE
	EndGlobalSection
EndGlobal
